
Microsoft Visual Studio Solution File, Format Version 12.00
# Visual Studio Version 17
VisualStudioVersion = 17.14.37027.9 d17.14
MinimumVisualStudioVersion = 10.0.40219.1
Project("{FAE04EC0-301F-11D3-BF4B-00C04F79EFBC}") = "upp 10", "upp 10\upp 10.csproj", "{C058B905-EDE6-4C66-B2CD-68E4EA892F57}"
EndProject
Global
	GlobalSection(SolutionConfigurationPlatforms) = preSolution
		Debug|Any CPU = Debug|Any CPU
		Release|Any CPU = Release|Any CPU
	EndGlobalSection
	GlobalSection(ProjectConfigurationPlatforms) = postSolution
		{C058B905-EDE6-4C66-B2CD-68E4EA892F57}.Debug|Any CPU.ActiveCfg = Debug|Any CPU
		{C058B905-EDE6-4C66-B2CD-68E4EA892F57}.Debug|Any CPU.Build.0 = Debug|Any CPU
		{C058B905-EDE6-4C66-B2CD-68E4EA892F57}.Release|Any CPU.ActiveCfg = Release|Any CPU
		{C058B905-EDE6-4C66-B2CD-68E4EA892F57}.Release|Any CPU.Build.0 = Release|Any CPU
	EndGlobalSection
	GlobalSection(SolutionProperties) = preSolution
		HideSolutionNode = FALSE
	EndGlobalSection
	GlobalSection(ExtensibilityGlobals) = postSolution
		SolutionGuid = {6FD80864-D2A2-4524-8666-0ED88353353F}
	EndGlobalSection
EndGlobal
