
Microsoft Visual Studio Solution File, Format Version 12.00
# Visual Studio Version 17
VisualStudioVersion = 17.14.36301.6 d17.14
MinimumVisualStudioVersion = 10.0.40219.1
Project("{FAE04EC0-301F-11D3-BF4B-00C04F79EFBC}") = "upp 10", "upp 10\upp 10.csproj", "{792452E4-4CDE-46C8-BD88-882B6EA591DB}"
EndProject
Global
	GlobalSection(SolutionConfigurationPlatforms) = preSolution
		Debug|Any CPU = Debug|Any CPU
		Release|Any CPU = Release|Any CPU
	EndGlobalSection
	GlobalSection(ProjectConfigurationPlatforms) = postSolution
		{792452E4-4CDE-46C8-BD88-882B6EA591DB}.Debug|Any CPU.ActiveCfg = Debug|Any CPU
		{792452E4-4CDE-46C8-BD88-882B6EA591DB}.Debug|Any CPU.Build.0 = Debug|Any CPU
		{792452E4-4CDE-46C8-BD88-882B6EA591DB}.Release|Any CPU.ActiveCfg = Release|Any CPU
		{792452E4-4CDE-46C8-BD88-882B6EA591DB}.Release|Any CPU.Build.0 = Release|Any CPU
	EndGlobalSection
	GlobalSection(SolutionProperties) = preSolution
		HideSolutionNode = FALSE
	EndGlobalSection
	GlobalSection(ExtensibilityGlobals) = postSolution
		SolutionGuid = {61B184DF-81F8-4546-8424-18C18F59B302}
	EndGlobalSection
EndGlobal
